
Microsoft Visual Studio Solution File, Format Version 12.00
# Visual Studio Version 17
VisualStudioVersion = 17.3.32929.385
MinimumVisualStudioVersion = 10.0.40219.1
Project("{9A19103F-16F7-4668-BE54-9A1E7A4F7556}") = "webapp.Server", "webapp\Server\webapp.Server.csproj", "{637181AD-CAD6-4803-A305-23E42E962B0F}"
EndProject
Project("{9A19103F-16F7-4668-BE54-9A1E7A4F7556}") = "webapp.Client", "webapp\Client\webapp.Client.csproj", "{7AA0B3D4-F739-4914-970F-402F5BF7A95E}"
EndProject
Project("{9A19103F-16F7-4668-BE54-9A1E7A4F7556}") = "webapp.Shared", "webapp\Shared\webapp.Shared.csproj", "{C1BEEF71-2819-45EB-9B81-F62EEEA6A0DC}"
EndProject
Global
	GlobalSection(SolutionConfigurationPlatforms) = preSolution
		Debug|Any CPU = Debug|Any CPU
		Release|Any CPU = Release|Any CPU
	EndGlobalSection
	GlobalSection(ProjectConfigurationPlatforms) = postSolution
		{637181AD-CAD6-4803-A305-23E42E962B0F}.Debug|Any CPU.ActiveCfg = Debug|Any CPU
		{637181AD-CAD6-4803-A305-23E42E962B0F}.Debug|Any CPU.Build.0 = Debug|Any CPU
		{637181AD-CAD6-4803-A305-23E42E962B0F}.Release|Any CPU.ActiveCfg = Release|Any CPU
		{637181AD-CAD6-4803-A305-23E42E962B0F}.Release|Any CPU.Build.0 = Release|Any CPU
		{7AA0B3D4-F739-4914-970F-402F5BF7A95E}.Debug|Any CPU.ActiveCfg = Debug|Any CPU
		{7AA0B3D4-F739-4914-970F-402F5BF7A95E}.Debug|Any CPU.Build.0 = Debug|Any CPU
		{7AA0B3D4-F739-4914-970F-402F5BF7A95E}.Release|Any CPU.ActiveCfg = Release|Any CPU
		{7AA0B3D4-F739-4914-970F-402F5BF7A95E}.Release|Any CPU.Build.0 = Release|Any CPU
		{C1BEEF71-2819-45EB-9B81-F62EEEA6A0DC}.Debug|Any CPU.ActiveCfg = Debug|Any CPU
		{C1BEEF71-2819-45EB-9B81-F62EEEA6A0DC}.Debug|Any CPU.Build.0 = Debug|Any CPU
		{C1BEEF71-2819-45EB-9B81-F62EEEA6A0DC}.Release|Any CPU.ActiveCfg = Release|Any CPU
		{C1BEEF71-2819-45EB-9B81-F62EEEA6A0DC}.Release|Any CPU.Build.0 = Release|Any CPU
	EndGlobalSection
	GlobalSection(SolutionProperties) = preSolution
		HideSolutionNode = FALSE
	EndGlobalSection
	GlobalSection(ExtensibilityGlobals) = postSolution
		SolutionGuid = {EC3890BC-9917-46BA-8AB0-B2C623B699D4}
	EndGlobalSection
EndGlobal
